
Microsoft Visual Studio Solution File, Format Version 12.00
# Visual Studio 16
Project("{FAE04EC0-301F-11D3-BF4B-00C04F79EFBC}") = "Assembly-CSharp", "Assembly-CSharp.csproj", "{30C71BF5-F295-96B5-48B3-75CF9FC81C0E}"
EndProject
Project("{FAE04EC0-301F-11D3-BF4B-00C04F79EFBC}") = "Assembly-CSharp-Editor", "Assembly-CSharp-Editor.csproj", "{F7EF8C11-588C-33CA-0CC3-7945F94D68EC}"
EndProject
Global
	GlobalSection(SolutionConfigurationPlatforms) = preSolution
		Debug|Any CPU = Debug|Any CPU
		Release|Any CPU = Release|Any CPU
	EndGlobalSection
	GlobalSection(ProjectConfigurationPlatforms) = postSolution
		{30C71BF5-F295-96B5-48B3-75CF9FC81C0E}.Debug|Any CPU.ActiveCfg = Debug|Any CPU
		{30C71BF5-F295-96B5-48B3-75CF9FC81C0E}.Debug|Any CPU.Build.0 = Debug|Any CPU
		{30C71BF5-F295-96B5-48B3-75CF9FC81C0E}.Release|Any CPU.ActiveCfg = Release|Any CPU
		{30C71BF5-F295-96B5-48B3-75CF9FC81C0E}.Release|Any CPU.Build.0 = Release|Any CPU
		{F7EF8C11-588C-33CA-0CC3-7945F94D68EC}.Debug|Any CPU.ActiveCfg = Debug|Any CPU
		{F7EF8C11-588C-33CA-0CC3-7945F94D68EC}.Debug|Any CPU.Build.0 = Debug|Any CPU
		{F7EF8C11-588C-33CA-0CC3-7945F94D68EC}.Release|Any CPU.ActiveCfg = Release|Any CPU
		{F7EF8C11-588C-33CA-0CC3-7945F94D68EC}.Release|Any CPU.Build.0 = Release|Any CPU
	EndGlobalSection
	GlobalSection(SolutionProperties) = preSolution
		HideSolutionNode = FALSE
	EndGlobalSection
EndGlobal
